
Microsoft Visual Studio Solution File, Format Version 12.00
# Visual Studio 15
VisualStudioVersion = 15.0.26403.3
MinimumVisualStudioVersion = 10.0.40219.1
Project("{FAE04EC0-301F-11D3-BF4B-00C04F79EFBC}") = "WebApplication", "WebApplication\WebApplication.csproj", "{09FA0015-E543-4164-BFE0-287D22166533}"
	ProjectSection(ProjectDependencies) = postProject
		{807207A7-3ED0-427A-B7D5-518E60EFA65F} = {807207A7-3ED0-427A-B7D5-518E60EFA65F}
	EndProjectSection
EndProject
Project("{FAE04EC0-301F-11D3-BF4B-00C04F79EFBC}") = "WebApplication.Tests", "WebApplication.Tests\WebApplication.Tests.csproj", "{00386849-E8AA-4799-A773-E8168BAC74CB}"
	ProjectSection(ProjectDependencies) = postProject
		{807207A7-3ED0-427A-B7D5-518E60EFA65F} = {807207A7-3ED0-427A-B7D5-518E60EFA65F}
	EndProjectSection
EndProject
Project("{FAE04EC0-301F-11D3-BF4B-00C04F79EFBC}") = "Domain", "Domain\Domain.csproj", "{807207A7-3ED0-427A-B7D5-518E60EFA65F}"
EndProject
Global
	GlobalSection(SolutionConfigurationPlatforms) = preSolution
		Debug|Any CPU = Debug|Any CPU
		Release|Any CPU = Release|Any CPU
	EndGlobalSection
	GlobalSection(ProjectConfigurationPlatforms) = postSolution
		{09FA0015-E543-4164-BFE0-287D22166533}.Debug|Any CPU.ActiveCfg = Debug|Any CPU
		{09FA0015-E543-4164-BFE0-287D22166533}.Debug|Any CPU.Build.0 = Debug|Any CPU
		{09FA0015-E543-4164-BFE0-287D22166533}.Release|Any CPU.ActiveCfg = Release|Any CPU
		{09FA0015-E543-4164-BFE0-287D22166533}.Release|Any CPU.Build.0 = Release|Any CPU
		{00386849-E8AA-4799-A773-E8168BAC74CB}.Debug|Any CPU.ActiveCfg = Debug|Any CPU
		{00386849-E8AA-4799-A773-E8168BAC74CB}.Debug|Any CPU.Build.0 = Debug|Any CPU
		{00386849-E8AA-4799-A773-E8168BAC74CB}.Release|Any CPU.ActiveCfg = Release|Any CPU
		{00386849-E8AA-4799-A773-E8168BAC74CB}.Release|Any CPU.Build.0 = Release|Any CPU
		{807207A7-3ED0-427A-B7D5-518E60EFA65F}.Debug|Any CPU.ActiveCfg = Debug|Any CPU
		{807207A7-3ED0-427A-B7D5-518E60EFA65F}.Debug|Any CPU.Build.0 = Debug|Any CPU
		{807207A7-3ED0-427A-B7D5-518E60EFA65F}.Release|Any CPU.ActiveCfg = Release|Any CPU
		{807207A7-3ED0-427A-B7D5-518E60EFA65F}.Release|Any CPU.Build.0 = Release|Any CPU
	EndGlobalSection
	GlobalSection(SolutionProperties) = preSolution
		HideSolutionNode = FALSE
	EndGlobalSection
EndGlobal
